
Microsoft Visual Studio Solution File, Format Version 12.00
# Visual Studio Version 16
VisualStudioVersion = 16.0.32630.194
MinimumVisualStudioVersion = 10.0.40219.1
Project("{FAE04EC0-301F-11D3-BF4B-00C04F79EFBC}") = "homeworktask1", "homeworktask1.csproj", "{921399FB-6C3D-40ED-A769-1C38BADC77AD}"
EndProject
Global
	GlobalSection(SolutionConfigurationPlatforms) = preSolution
		Debug|Any CPU = Debug|Any CPU
		Release|Any CPU = Release|Any CPU
	EndGlobalSection
	GlobalSection(ProjectConfigurationPlatforms) = postSolution
		{921399FB-6C3D-40ED-A769-1C38BADC77AD}.Debug|Any CPU.ActiveCfg = Debug|Any CPU
		{921399FB-6C3D-40ED-A769-1C38BADC77AD}.Debug|Any CPU.Build.0 = Debug|Any CPU
		{921399FB-6C3D-40ED-A769-1C38BADC77AD}.Release|Any CPU.ActiveCfg = Release|Any CPU
		{921399FB-6C3D-40ED-A769-1C38BADC77AD}.Release|Any CPU.Build.0 = Release|Any CPU
	EndGlobalSection
	GlobalSection(SolutionProperties) = preSolution
		HideSolutionNode = FALSE
	EndGlobalSection
	GlobalSection(ExtensibilityGlobals) = postSolution
		SolutionGuid = {9D199C49-4BF0-4AF7-BE3E-1BC987BDCE37}
	EndGlobalSection
EndGlobal
